
Microsoft Visual Studio Solution File, Format Version 12.00
# Visual Studio Version 17
VisualStudioVersion = 17.14.36414.22
MinimumVisualStudioVersion = 10.0.40219.1
Project("{2150E333-8FDC-42A3-9474-1A3956D46DE8}") = "Task0", "Task0", "{02EA681E-C7D8-13C7-8484-4AC65E1B71E8}"
EndProject
Project("{FAE04EC0-301F-11D3-BF4B-00C04F79EFBC}") = "Tyuiu.AtakishievRS.Sprint0.Task0.V0", "Tyuiu.AtakishievRS.Sprint0.Task0.V0\Tyuiu.AtakishievRS.Sprint0.Task0.V0.csproj", "{4BC9B71E-6788-400D-931B-3790FA03F6B0}"
EndProject
Project("{2150E333-8FDC-42A3-9474-1A3956D46DE8}") = "Task1", "Task1", "{73BC869A-5402-4FC2-BBE7-6BCB8B02F92E}"
EndProject
Project("{FAE04EC0-301F-11D3-BF4B-00C04F79EFBC}") = "Tyuiu.AtakishievRS.Sprint0.Task1.V0", "Tyuiu.AtakishievRS.Sprint0.Task1.V0\Tyuiu.AtakishievRS.Sprint0.Task1.V0.csproj", "{F3E195A2-9A4E-4CBB-8C2F-019ABFCE7023}"
EndProject
Global
	GlobalSection(SolutionConfigurationPlatforms) = preSolution
		Debug|Any CPU = Debug|Any CPU
		Release|Any CPU = Release|Any CPU
	EndGlobalSection
	GlobalSection(ProjectConfigurationPlatforms) = postSolution
		{4BC9B71E-6788-400D-931B-3790FA03F6B0}.Debug|Any CPU.ActiveCfg = Debug|Any CPU
		{4BC9B71E-6788-400D-931B-3790FA03F6B0}.Debug|Any CPU.Build.0 = Debug|Any CPU
		{4BC9B71E-6788-400D-931B-3790FA03F6B0}.Release|Any CPU.ActiveCfg = Release|Any CPU
		{4BC9B71E-6788-400D-931B-3790FA03F6B0}.Release|Any CPU.Build.0 = Release|Any CPU
		{F3E195A2-9A4E-4CBB-8C2F-019ABFCE7023}.Debug|Any CPU.ActiveCfg = Debug|Any CPU
		{F3E195A2-9A4E-4CBB-8C2F-019ABFCE7023}.Debug|Any CPU.Build.0 = Debug|Any CPU
		{F3E195A2-9A4E-4CBB-8C2F-019ABFCE7023}.Release|Any CPU.ActiveCfg = Release|Any CPU
		{F3E195A2-9A4E-4CBB-8C2F-019ABFCE7023}.Release|Any CPU.Build.0 = Release|Any CPU
	EndGlobalSection
	GlobalSection(SolutionProperties) = preSolution
		HideSolutionNode = FALSE
	EndGlobalSection
	GlobalSection(NestedProjects) = preSolution
		{4BC9B71E-6788-400D-931B-3790FA03F6B0} = {02EA681E-C7D8-13C7-8484-4AC65E1B71E8}
		{F3E195A2-9A4E-4CBB-8C2F-019ABFCE7023} = {73BC869A-5402-4FC2-BBE7-6BCB8B02F92E}
	EndGlobalSection
	GlobalSection(ExtensibilityGlobals) = postSolution
		SolutionGuid = {AE23EE6D-2282-475E-BE80-E21E812746D6}
	EndGlobalSection
EndGlobal
