
Microsoft Visual Studio Solution File, Format Version 12.00
# Visual Studio Version 17
VisualStudioVersion = 17.14.36414.22
MinimumVisualStudioVersion = 10.0.40219.1
Project("{2150E333-8FDC-42A3-9474-1A3956D46DE8}") = "Task0", "Task0", "{02EA681E-C7D8-13C7-8484-4AC65E1B71E8}"
EndProject
Project("{FAE04EC0-301F-11D3-BF4B-00C04F79EFBC}") = "Tyuiu.AtakishievRS.Sprint0.Task0.V0", "Tyuiu.AtakishievRS.Sprint0.Task0.V0\Tyuiu.AtakishievRS.Sprint0.Task0.V0.csproj", "{4BC9B71E-6788-400D-931B-3790FA03F6B0}"
EndProject
Project("{2150E333-8FDC-42A3-9474-1A3956D46DE8}") = "Task1", "Task1", "{73BC869A-5402-4FC2-BBE7-6BCB8B02F92E}"
EndProject
Project("{FAE04EC0-301F-11D3-BF4B-00C04F79EFBC}") = "Tyuiu.AtakishievRS.Sprint0.Task1.V0", "Tyuiu.AtakishievRS.Sprint0.Task1.V0\Tyuiu.AtakishievRS.Sprint0.Task1.V0.csproj", "{F3E195A2-9A4E-4CBB-8C2F-019ABFCE7023}"
EndProject
Project("{2150E333-8FDC-42A3-9474-1A3956D46DE8}") = "Task2", "Task2", "{4115CBB2-C901-4793-80F9-2589728F9BCB}"
EndProject
Project("{FAE04EC0-301F-11D3-BF4B-00C04F79EFBC}") = "Tyuiu.AtakishievRS.Sprint0.Task2.V0", "Tyuiu.AtakishievRS.Sprint0.Task2.V0\Tyuiu.AtakishievRS.Sprint0.Task2.V0.csproj", "{7C5D4E23-2C91-4DC1-A118-9DA3B5ED037B}"
EndProject
Project("{FAE04EC0-301F-11D3-BF4B-00C04F79EFBC}") = "Tyuiu.AtakishievRS.Sprint0.Task2.V0.Lib", "Tyuiu.AtakishievRS.Sprint0.Task2.V0.Lib\Tyuiu.AtakishievRS.Sprint0.Task2.V0.Lib.csproj", "{C32BE817-D906-4244-83C5-E21525EAD17F}"
EndProject
Project("{FAE04EC0-301F-11D3-BF4B-00C04F79EFBC}") = "Tyuiu.AtakishievRS.Sprint0.Task2.V0.Test", "Tyuiu.AtakishievRS.Sprint0.Task2.V0.Test\Tyuiu.AtakishievRS.Sprint0.Task2.V0.Test.csproj", "{E71F9178-4129-4C08-882C-AEF574F27F78}"
EndProject
Project("{2150E333-8FDC-42A3-9474-1A3956D46DE8}") = "Task3", "Task3", "{5523538C-FB9C-4839-BAE2-64DE375C478E}"
EndProject
Project("{FAE04EC0-301F-11D3-BF4B-00C04F79EFBC}") = "Tyuiu.AtakishievRS.Sprint0.Task3.V0", "Tyuiu.AtakishievRS.Sprint0.Task3.V0\Tyuiu.AtakishievRS.Sprint0.Task3.V0.csproj", "{AF121BA9-0411-44D0-9DD6-9FB3AAC51FCB}"
EndProject
Project("{FAE04EC0-301F-11D3-BF4B-00C04F79EFBC}") = "Tyuiu.AtakishievRS.Sprint0.Task3.V0.Lib", "Tyuiu.AtakishievRS.Sprint0.Task3.V0.Lib\Tyuiu.AtakishievRS.Sprint0.Task3.V0.Lib.csproj", "{A1945DE7-8831-4BD6-AC21-2BEEC4939B6C}"
EndProject
Project("{FAE04EC0-301F-11D3-BF4B-00C04F79EFBC}") = "Tyuiu.AtakishievRS.Sprint0.Task3.V0.Test", "Tyuiu.AtakishievRS.Sprint0.Task3.V0.Test\Tyuiu.AtakishievRS.Sprint0.Task3.V0.Test.csproj", "{BAE34B75-4F7B-421A-9074-BE0B21B85594}"
EndProject
Project("{2150E333-8FDC-42A3-9474-1A3956D46DE8}") = "Task4", "Task4", "{510FD1AF-8E0A-4E64-8A72-035BE2F3ECFB}"
EndProject
Project("{FAE04EC0-301F-11D3-BF4B-00C04F79EFBC}") = "Tyuiu.AtakishievRS.Sprint0.Task4.V0", "Tyuiu.AtakishievRS.Sprint0.Task4.V0\Tyuiu.AtakishievRS.Sprint0.Task4.V0.csproj", "{B6092A9C-C500-47EC-B576-40D9E12A93CD}"
EndProject
Project("{FAE04EC0-301F-11D3-BF4B-00C04F79EFBC}") = "Tyuiu.AtakishievRS.Sprint0.Task4.V0.Lib", "Tyuiu.AtakishievRS.Sprint0.Task4.V0.Lib\Tyuiu.AtakishievRS.Sprint0.Task4.V0.Lib.csproj", "{56C72743-09CA-4FA3-B15B-DD030AFF988B}"
EndProject
Project("{FAE04EC0-301F-11D3-BF4B-00C04F79EFBC}") = "Tyuiu.AtakishievRS.Sprint0.Task4.V0.Test", "Tyuiu.AtakishievRS.Sprint0.Task4.V0.Test\Tyuiu.AtakishievRS.Sprint0.Task4.V0.Test.csproj", "{DD087E37-2617-4E82-9580-F5CD48FAD2FE}"
EndProject
Global
	GlobalSection(SolutionConfigurationPlatforms) = preSolution
		Debug|Any CPU = Debug|Any CPU
		Release|Any CPU = Release|Any CPU
	EndGlobalSection
	GlobalSection(ProjectConfigurationPlatforms) = postSolution
		{4BC9B71E-6788-400D-931B-3790FA03F6B0}.Debug|Any CPU.ActiveCfg = Debug|Any CPU
		{4BC9B71E-6788-400D-931B-3790FA03F6B0}.Debug|Any CPU.Build.0 = Debug|Any CPU
		{4BC9B71E-6788-400D-931B-3790FA03F6B0}.Release|Any CPU.ActiveCfg = Release|Any CPU
		{4BC9B71E-6788-400D-931B-3790FA03F6B0}.Release|Any CPU.Build.0 = Release|Any CPU
		{F3E195A2-9A4E-4CBB-8C2F-019ABFCE7023}.Debug|Any CPU.ActiveCfg = Debug|Any CPU
		{F3E195A2-9A4E-4CBB-8C2F-019ABFCE7023}.Debug|Any CPU.Build.0 = Debug|Any CPU
		{F3E195A2-9A4E-4CBB-8C2F-019ABFCE7023}.Release|Any CPU.ActiveCfg = Release|Any CPU
		{F3E195A2-9A4E-4CBB-8C2F-019ABFCE7023}.Release|Any CPU.Build.0 = Release|Any CPU
		{7C5D4E23-2C91-4DC1-A118-9DA3B5ED037B}.Debug|Any CPU.ActiveCfg = Debug|Any CPU
		{7C5D4E23-2C91-4DC1-A118-9DA3B5ED037B}.Debug|Any CPU.Build.0 = Debug|Any CPU
		{7C5D4E23-2C91-4DC1-A118-9DA3B5ED037B}.Release|Any CPU.ActiveCfg = Release|Any CPU
		{7C5D4E23-2C91-4DC1-A118-9DA3B5ED037B}.Release|Any CPU.Build.0 = Release|Any CPU
		{C32BE817-D906-4244-83C5-E21525EAD17F}.Debug|Any CPU.ActiveCfg = Debug|Any CPU
		{C32BE817-D906-4244-83C5-E21525EAD17F}.Debug|Any CPU.Build.0 = Debug|Any CPU
		{C32BE817-D906-4244-83C5-E21525EAD17F}.Release|Any CPU.ActiveCfg = Release|Any CPU
		{C32BE817-D906-4244-83C5-E21525EAD17F}.Release|Any CPU.Build.0 = Release|Any CPU
		{E71F9178-4129-4C08-882C-AEF574F27F78}.Debug|Any CPU.ActiveCfg = Debug|Any CPU
		{E71F9178-4129-4C08-882C-AEF574F27F78}.Debug|Any CPU.Build.0 = Debug|Any CPU
		{E71F9178-4129-4C08-882C-AEF574F27F78}.Release|Any CPU.ActiveCfg = Release|Any CPU
		{E71F9178-4129-4C08-882C-AEF574F27F78}.Release|Any CPU.Build.0 = Release|Any CPU
		{AF121BA9-0411-44D0-9DD6-9FB3AAC51FCB}.Debug|Any CPU.ActiveCfg = Debug|Any CPU
		{AF121BA9-0411-44D0-9DD6-9FB3AAC51FCB}.Debug|Any CPU.Build.0 = Debug|Any CPU
		{AF121BA9-0411-44D0-9DD6-9FB3AAC51FCB}.Release|Any CPU.ActiveCfg = Release|Any CPU
		{AF121BA9-0411-44D0-9DD6-9FB3AAC51FCB}.Release|Any CPU.Build.0 = Release|Any CPU
		{A1945DE7-8831-4BD6-AC21-2BEEC4939B6C}.Debug|Any CPU.ActiveCfg = Debug|Any CPU
		{A1945DE7-8831-4BD6-AC21-2BEEC4939B6C}.Debug|Any CPU.Build.0 = Debug|Any CPU
		{A1945DE7-8831-4BD6-AC21-2BEEC4939B6C}.Release|Any CPU.ActiveCfg = Release|Any CPU
		{A1945DE7-8831-4BD6-AC21-2BEEC4939B6C}.Release|Any CPU.Build.0 = Release|Any CPU
		{BAE34B75-4F7B-421A-9074-BE0B21B85594}.Debug|Any CPU.ActiveCfg = Debug|Any CPU
		{BAE34B75-4F7B-421A-9074-BE0B21B85594}.Debug|Any CPU.Build.0 = Debug|Any CPU
		{BAE34B75-4F7B-421A-9074-BE0B21B85594}.Release|Any CPU.ActiveCfg = Release|Any CPU
		{BAE34B75-4F7B-421A-9074-BE0B21B85594}.Release|Any CPU.Build.0 = Release|Any CPU
		{B6092A9C-C500-47EC-B576-40D9E12A93CD}.Debug|Any CPU.ActiveCfg = Debug|Any CPU
		{B6092A9C-C500-47EC-B576-40D9E12A93CD}.Debug|Any CPU.Build.0 = Debug|Any CPU
		{B6092A9C-C500-47EC-B576-40D9E12A93CD}.Release|Any CPU.ActiveCfg = Release|Any CPU
		{B6092A9C-C500-47EC-B576-40D9E12A93CD}.Release|Any CPU.Build.0 = Release|Any CPU
		{56C72743-09CA-4FA3-B15B-DD030AFF988B}.Debug|Any CPU.ActiveCfg = Debug|Any CPU
		{56C72743-09CA-4FA3-B15B-DD030AFF988B}.Debug|Any CPU.Build.0 = Debug|Any CPU
		{56C72743-09CA-4FA3-B15B-DD030AFF988B}.Release|Any CPU.ActiveCfg = Release|Any CPU
		{56C72743-09CA-4FA3-B15B-DD030AFF988B}.Release|Any CPU.Build.0 = Release|Any CPU
		{DD087E37-2617-4E82-9580-F5CD48FAD2FE}.Debug|Any CPU.ActiveCfg = Debug|Any CPU
		{DD087E37-2617-4E82-9580-F5CD48FAD2FE}.Debug|Any CPU.Build.0 = Debug|Any CPU
		{DD087E37-2617-4E82-9580-F5CD48FAD2FE}.Release|Any CPU.ActiveCfg = Release|Any CPU
		{DD087E37-2617-4E82-9580-F5CD48FAD2FE}.Release|Any CPU.Build.0 = Release|Any CPU
	EndGlobalSection
	GlobalSection(SolutionProperties) = preSolution
		HideSolutionNode = FALSE
	EndGlobalSection
	GlobalSection(NestedProjects) = preSolution
		{4BC9B71E-6788-400D-931B-3790FA03F6B0} = {02EA681E-C7D8-13C7-8484-4AC65E1B71E8}
		{F3E195A2-9A4E-4CBB-8C2F-019ABFCE7023} = {73BC869A-5402-4FC2-BBE7-6BCB8B02F92E}
		{7C5D4E23-2C91-4DC1-A118-9DA3B5ED037B} = {4115CBB2-C901-4793-80F9-2589728F9BCB}
		{C32BE817-D906-4244-83C5-E21525EAD17F} = {4115CBB2-C901-4793-80F9-2589728F9BCB}
		{E71F9178-4129-4C08-882C-AEF574F27F78} = {4115CBB2-C901-4793-80F9-2589728F9BCB}
		{AF121BA9-0411-44D0-9DD6-9FB3AAC51FCB} = {5523538C-FB9C-4839-BAE2-64DE375C478E}
		{A1945DE7-8831-4BD6-AC21-2BEEC4939B6C} = {5523538C-FB9C-4839-BAE2-64DE375C478E}
		{BAE34B75-4F7B-421A-9074-BE0B21B85594} = {5523538C-FB9C-4839-BAE2-64DE375C478E}
		{B6092A9C-C500-47EC-B576-40D9E12A93CD} = {510FD1AF-8E0A-4E64-8A72-035BE2F3ECFB}
		{56C72743-09CA-4FA3-B15B-DD030AFF988B} = {510FD1AF-8E0A-4E64-8A72-035BE2F3ECFB}
		{DD087E37-2617-4E82-9580-F5CD48FAD2FE} = {510FD1AF-8E0A-4E64-8A72-035BE2F3ECFB}
	EndGlobalSection
	GlobalSection(ExtensibilityGlobals) = postSolution
		SolutionGuid = {AE23EE6D-2282-475E-BE80-E21E812746D6}
	EndGlobalSection
EndGlobal
